
Microsoft Visual Studio Solution File, Format Version 12.00
# Visual Studio Version 16
VisualStudioVersion = 16.0.29318.209
MinimumVisualStudioVersion = 10.0.40219.1
Project("{FAE04EC0-301F-11D3-BF4B-00C04F79EFBC}") = "WpfApp1", "WpfApp1\WpfApp1.csproj", "{EE3DF625-C2F4-45EF-A984-5E5177C3F539}"
EndProject
Global
	GlobalSection(SolutionConfigurationPlatforms) = preSolution
		Debug|Any CPU = Debug|Any CPU
		Release|Any CPU = Release|Any CPU
	EndGlobalSection
	GlobalSection(ProjectConfigurationPlatforms) = postSolution
		{EE3DF625-C2F4-45EF-A984-5E5177C3F539}.Debug|Any CPU.ActiveCfg = Debug|Any CPU
		{EE3DF625-C2F4-45EF-A984-5E5177C3F539}.Debug|Any CPU.Build.0 = Debug|Any CPU
		{EE3DF625-C2F4-45EF-A984-5E5177C3F539}.Release|Any CPU.ActiveCfg = Release|Any CPU
		{EE3DF625-C2F4-45EF-A984-5E5177C3F539}.Release|Any CPU.Build.0 = Release|Any CPU
	EndGlobalSection
	GlobalSection(SolutionProperties) = preSolution
		HideSolutionNode = FALSE
	EndGlobalSection
	GlobalSection(ExtensibilityGlobals) = postSolution
		SolutionGuid = {ECFE10FF-EAA8-4150-9B83-DA2670337C8E}
	EndGlobalSection
EndGlobal
